
Microsoft Visual Studio Solution File, Format Version 12.00
# Visual Studio Version 17
VisualStudioVersion = 17.14.37012.4
MinimumVisualStudioVersion = 10.0.40219.1
Project("{FAE04EC0-301F-11D3-BF4B-00C04F79EFBC}") = "SubjectsManager.DBModels", "SubjectsManager.DBModels\SubjectsManager.DBModels.csproj", "{23584D21-9DFE-4036-A21E-95F6B4013461}"
EndProject
Project("{FAE04EC0-301F-11D3-BF4B-00C04F79EFBC}") = "SubjectsManager.CommonComponents", "SubjectsManager.CommonComponents\SubjectsManager.CommonComponents.csproj", "{F9D74C7C-64E4-4128-B92C-F8EA070FAA24}"
EndProject
Project("{FAE04EC0-301F-11D3-BF4B-00C04F79EFBC}") = "SubjectsManager.UIModels", "SubjectsManager.UIModels\SubjectsManager.UIModels.csproj", "{3655B6AB-74E9-4796-AA59-3B256D7DA22A}"
EndProject
Project("{FAE04EC0-301F-11D3-BF4B-00C04F79EFBC}") = "SubjectsManager.Services", "SubjectsManager.Services\SubjectsManager.Services.csproj", "{A4749888-D11B-4ED9-861D-C9B09744DDE0}"
EndProject
Project("{FAE04EC0-301F-11D3-BF4B-00C04F79EFBC}") = "SubjectsManager.ConsoleApp", "SubjectsManager.ConsoleApp\SubjectsManager.ConsoleApp.csproj", "{0A89D503-1C4F-4847-BF84-E375181F82EB}"
EndProject
Project("{FAE04EC0-301F-11D3-BF4B-00C04F79EFBC}") = "SubjectsManager", "SubjectsManager\SubjectsManager.csproj", "{12793ED0-0374-4A89-AE19-7C4A6918CE1D}"
EndProject
Project("{FAE04EC0-301F-11D3-BF4B-00C04F79EFBC}") = "SubjectsManager.Repositories", "SubjectsManager.Repositories\SubjectsManager.Repositories.csproj", "{055F8EAE-625D-486E-9310-0144D0D1D79B}"
EndProject
Project("{FAE04EC0-301F-11D3-BF4B-00C04F79EFBC}") = "SubjectsManager.Storage", "SubjectsManager.Storage\SubjectsManager.Storage.csproj", "{9E000D7E-7897-45BB-835C-FC7D4DBE86A9}"
EndProject
Project("{FAE04EC0-301F-11D3-BF4B-00C04F79EFBC}") = "SubjectsManager.DTOModels", "SubjectsManager.DTOModels\SubjectsManager.DTOModels.csproj", "{04B24268-EC17-4318-87CF-41E2FAFFBD20}"
EndProject
Project("{2150E333-8FDC-42A3-9474-1A3956D46DE8}") = "Solution Items", "Solution Items", "{8EC462FD-D22E-90A8-E5CE-7E832BA40C5D}"
	ProjectSection(SolutionItems) = preProject
		global.json = global.json
	EndProjectSection
EndProject
Global
	GlobalSection(SolutionConfigurationPlatforms) = preSolution
		Debug|Any CPU = Debug|Any CPU
		Release|Any CPU = Release|Any CPU
	EndGlobalSection
	GlobalSection(ProjectConfigurationPlatforms) = postSolution
		{23584D21-9DFE-4036-A21E-95F6B4013461}.Debug|Any CPU.ActiveCfg = Debug|Any CPU
		{23584D21-9DFE-4036-A21E-95F6B4013461}.Debug|Any CPU.Build.0 = Debug|Any CPU
		{23584D21-9DFE-4036-A21E-95F6B4013461}.Release|Any CPU.ActiveCfg = Release|Any CPU
		{23584D21-9DFE-4036-A21E-95F6B4013461}.Release|Any CPU.Build.0 = Release|Any CPU
		{F9D74C7C-64E4-4128-B92C-F8EA070FAA24}.Debug|Any CPU.ActiveCfg = Debug|Any CPU
		{F9D74C7C-64E4-4128-B92C-F8EA070FAA24}.Debug|Any CPU.Build.0 = Debug|Any CPU
		{F9D74C7C-64E4-4128-B92C-F8EA070FAA24}.Release|Any CPU.ActiveCfg = Release|Any CPU
		{F9D74C7C-64E4-4128-B92C-F8EA070FAA24}.Release|Any CPU.Build.0 = Release|Any CPU
		{3655B6AB-74E9-4796-AA59-3B256D7DA22A}.Debug|Any CPU.ActiveCfg = Debug|Any CPU
		{3655B6AB-74E9-4796-AA59-3B256D7DA22A}.Debug|Any CPU.Build.0 = Debug|Any CPU
		{3655B6AB-74E9-4796-AA59-3B256D7DA22A}.Release|Any CPU.ActiveCfg = Release|Any CPU
		{3655B6AB-74E9-4796-AA59-3B256D7DA22A}.Release|Any CPU.Build.0 = Release|Any CPU
		{A4749888-D11B-4ED9-861D-C9B09744DDE0}.Debug|Any CPU.ActiveCfg = Debug|Any CPU
		{A4749888-D11B-4ED9-861D-C9B09744DDE0}.Debug|Any CPU.Build.0 = Debug|Any CPU
		{A4749888-D11B-4ED9-861D-C9B09744DDE0}.Release|Any CPU.ActiveCfg = Release|Any CPU
		{A4749888-D11B-4ED9-861D-C9B09744DDE0}.Release|Any CPU.Build.0 = Release|Any CPU
		{0A89D503-1C4F-4847-BF84-E375181F82EB}.Debug|Any CPU.ActiveCfg = Debug|Any CPU
		{0A89D503-1C4F-4847-BF84-E375181F82EB}.Debug|Any CPU.Build.0 = Debug|Any CPU
		{0A89D503-1C4F-4847-BF84-E375181F82EB}.Release|Any CPU.ActiveCfg = Release|Any CPU
		{0A89D503-1C4F-4847-BF84-E375181F82EB}.Release|Any CPU.Build.0 = Release|Any CPU
		{12793ED0-0374-4A89-AE19-7C4A6918CE1D}.Debug|Any CPU.ActiveCfg = Debug|Any CPU
		{12793ED0-0374-4A89-AE19-7C4A6918CE1D}.Debug|Any CPU.Build.0 = Debug|Any CPU
		{12793ED0-0374-4A89-AE19-7C4A6918CE1D}.Debug|Any CPU.Deploy.0 = Debug|Any CPU
		{12793ED0-0374-4A89-AE19-7C4A6918CE1D}.Release|Any CPU.ActiveCfg = Release|Any CPU
		{12793ED0-0374-4A89-AE19-7C4A6918CE1D}.Release|Any CPU.Build.0 = Release|Any CPU
		{055F8EAE-625D-486E-9310-0144D0D1D79B}.Debug|Any CPU.ActiveCfg = Debug|Any CPU
		{055F8EAE-625D-486E-9310-0144D0D1D79B}.Debug|Any CPU.Build.0 = Debug|Any CPU
		{055F8EAE-625D-486E-9310-0144D0D1D79B}.Release|Any CPU.ActiveCfg = Release|Any CPU
		{055F8EAE-625D-486E-9310-0144D0D1D79B}.Release|Any CPU.Build.0 = Release|Any CPU
		{9E000D7E-7897-45BB-835C-FC7D4DBE86A9}.Debug|Any CPU.ActiveCfg = Debug|Any CPU
		{9E000D7E-7897-45BB-835C-FC7D4DBE86A9}.Debug|Any CPU.Build.0 = Debug|Any CPU
		{9E000D7E-7897-45BB-835C-FC7D4DBE86A9}.Release|Any CPU.ActiveCfg = Release|Any CPU
		{9E000D7E-7897-45BB-835C-FC7D4DBE86A9}.Release|Any CPU.Build.0 = Release|Any CPU
		{04B24268-EC17-4318-87CF-41E2FAFFBD20}.Debug|Any CPU.ActiveCfg = Debug|Any CPU
		{04B24268-EC17-4318-87CF-41E2FAFFBD20}.Debug|Any CPU.Build.0 = Debug|Any CPU
		{04B24268-EC17-4318-87CF-41E2FAFFBD20}.Release|Any CPU.ActiveCfg = Release|Any CPU
		{04B24268-EC17-4318-87CF-41E2FAFFBD20}.Release|Any CPU.Build.0 = Release|Any CPU
	EndGlobalSection
	GlobalSection(SolutionProperties) = preSolution
		HideSolutionNode = FALSE
	EndGlobalSection
	GlobalSection(ExtensibilityGlobals) = postSolution
		SolutionGuid = {BFF1F716-1A48-4E2F-84DF-EAED65C159B4}
	EndGlobalSection
EndGlobal
